PODS:
  - Alamofire (4.6.0)
  - Kingfisher (4.6.1)
  - PKHUD (5.0.0)

DEPENDENCIES:
  - Alamofire (~> 4.0)
  - Kingfisher (~> 4.6)
  - PKHUD (~> 5.0)

SPEC CHECKSUMS:
  Alamofire: f41a599bd63041760b26d393ec1069d9d7b917f4
  Kingfisher: 1f9157d9c02b380cbd0b7cc890161195164eb634
  PKHUD: 3c001512c6e002091184197a8de7a20420786e3b

PODFILE CHECKSUM: ceb08acd5655b26b9761e223c6b1c00cb7fcbd1d

COCOAPODS: 1.3.1
