// !$*UTF8*$!
{
	archiveVersion = 1;
	classes = {
	};
	objectVersion = 48;
	objects = {

/* Begin PBXBuildFile section */
		024F2CDDA6EA59E380C88D55 /* Pods_Taipei_Go.framework in Frameworks */ = {isa = PBXBuildFile; fileRef = FBCAE93BEAF3003525821F54 /* Pods_Taipei_Go.framework */; };
		5663FEB420219795004EA8A0 /* DataTaipei.swift in Sources */ = {isa = PBXBuildFile; fileRef = 5663FEB320219795004EA8A0 /* DataTaipei.swift */; };
		5663FEB820219A5F004EA8A0 /* NetworkService.swift in Sources */ = {isa = PBXBuildFile; fileRef = 5663FEB720219A5F004EA8A0 /* NetworkService.swift */; };
		5663FEBA2021A072004EA8A0 /* NetworkError.swift in Sources */ = {isa = PBXBuildFile; fileRef = 5663FEB92021A072004EA8A0 /* NetworkError.swift */; };
		5663FEBC2021A79B004EA8A0 /* Response.swift in Sources */ = {isa = PBXBuildFile; fileRef = 5663FEBB2021A79B004EA8A0 /* Response.swift */; };
		566FBF562021C0B000E52830 /* NetworkChecker.swift in Sources */ = {isa = PBXBuildFile; fileRef = 566FBF552021C0B000E52830 /* NetworkChecker.swift */; };
		566FBF582021CB2600E52830 /* TouristSiteViewModel.swift in Sources */ = {isa = PBXBuildFile; fileRef = 566FBF572021CB2600E52830 /* TouristSiteViewModel.swift */; };
		566FBF5A2021CD6900E52830 /* UIColor+Extension.swift in Sources */ = {isa = PBXBuildFile; fileRef = 566FBF592021CD6900E52830 /* UIColor+Extension.swift */; };
		568A534A202044C400268DBE /* AppDelegate.swift in Sources */ = {isa = PBXBuildFile; fileRef = 568A5349202044C400268DBE /* AppDelegate.swift */; };
		568A534C202044C400268DBE /* MainViewController.swift in Sources */ = {isa = PBXBuildFile; fileRef = 568A534B202044C400268DBE /* MainViewController.swift */; };
		568A534F202044C400268DBE /* MainViewController.storyboard in Resources */ = {isa = PBXBuildFile; fileRef = 568A534D202044C400268DBE /* MainViewController.storyboard */; };
		568A5351202044C400268DBE /* Assets.xcassets in Resources */ = {isa = PBXBuildFile; fileRef = 568A5350202044C400268DBE /* Assets.xcassets */; };
		568A5354202044C400268DBE /* LaunchScreen.storyboard in Resources */ = {isa = PBXBuildFile; fileRef = 568A5352202044C400268DBE /* LaunchScreen.storyboard */; };
		568A535F202044C400268DBE /* Taipei_GoTests.swift in Sources */ = {isa = PBXBuildFile; fileRef = 568A535E202044C400268DBE /* Taipei_GoTests.swift */; };
		568A536C2020539A00268DBE /* Info.plist in Resources */ = {isa = PBXBuildFile; fileRef = 568A536B2020539A00268DBE /* Info.plist */; };
		568A536E2020554400268DBE /* DetailViewController.swift in Sources */ = {isa = PBXBuildFile; fileRef = 568A536D2020554400268DBE /* DetailViewController.swift */; };
		568A53702020555E00268DBE /* DetailViewController.storyboard in Resources */ = {isa = PBXBuildFile; fileRef = 568A536F2020555E00268DBE /* DetailViewController.storyboard */; };
		56ADF6142022C12C009EEA47 /* Notifier.swift in Sources */ = {isa = PBXBuildFile; fileRef = 56ADF6132022C12C009EEA47 /* Notifier.swift */; };
		56D6A0A12022EA3500DADE2A /* TableViewHelper.swift in Sources */ = {isa = PBXBuildFile; fileRef = 56D6A0A02022EA3500DADE2A /* TableViewHelper.swift */; };
		56D6A0A42022EB5200DADE2A /* TouristSiteTableViewCell.swift in Sources */ = {isa = PBXBuildFile; fileRef = 56D6A0A22022EB5200DADE2A /* TouristSiteTableViewCell.swift */; };
		56D6A0A52022EB5200DADE2A /* TouristSiteTableViewCell.xib in Resources */ = {isa = PBXBuildFile; fileRef = 56D6A0A32022EB5200DADE2A /* TouristSiteTableViewCell.xib */; };
		56F2DFF3202950CD00A15067 /* CollectionViewCell.swift in Sources */ = {isa = PBXBuildFile; fileRef = 56F2DFF1202950CD00A15067 /* CollectionViewCell.swift */; };
		56F2DFF4202950CD00A15067 /* CollectionViewCell.xib in Resources */ = {isa = PBXBuildFile; fileRef = 56F2DFF2202950CD00A15067 /* CollectionViewCell.xib */; };
		56F2DFF820297FFA00A15067 /* CollectionViewHelper.swift in Sources */ = {isa = PBXBuildFile; fileRef = 56F2DFF720297FFA00A15067 /* CollectionViewHelper.swift */; };
		56F2DFFA2029827F00A15067 /* CollectionViewModel.swift in Sources */ = {isa = PBXBuildFile; fileRef = 56F2DFF92029827F00A15067 /* CollectionViewModel.swift */; };
		A108A40A59790912CC4D5E5D /* Pods_Taipei_GoTests.framework in Frameworks */ = {isa = PBXBuildFile; fileRef = AD45E74595F4DBC9E3EF2628 /* Pods_Taipei_GoTests.framework */; };
/* End PBXBuildFile section */

/* Begin PBXContainerItemProxy section */
		568A535B202044C400268DBE /* PBXContainerItemProxy */ = {
			isa = PBXContainerItemProxy;
			containerPortal = 568A533E202044C400268DBE /* Project object */;
			proxyType = 1;
			remoteGlobalIDString = 568A5345202044C400268DBE;
			remoteInfo = "Taipei Go";
		};
/* End PBXContainerItemProxy section */

/* Begin PBXFileReference section */
		5663FEB320219795004EA8A0 /* DataTaipei.swift */ = {isa = PBXFileReference; lastKnownFileType = sourcecode.swift; path = DataTaipei.swift; sourceTree = "<group>"; };
		5663FEB720219A5F004EA8A0 /* NetworkService.swift */ = {isa = PBXFileReference; lastKnownFileType = sourcecode.swift; path = NetworkService.swift; sourceTree = "<group>"; };
		5663FEB92021A072004EA8A0 /* NetworkError.swift */ = {isa = PBXFileReference; lastKnownFileType = sourcecode.swift; path = NetworkError.swift; sourceTree = "<group>"; };
		5663FEBB2021A79B004EA8A0 /* Response.swift */ = {isa = PBXFileReference; lastKnownFileType = sourcecode.swift; path = Response.swift; sourceTree = "<group>"; };
		566FBF552021C0B000E52830 /* NetworkChecker.swift */ = {isa = PBXFileReference; lastKnownFileType = sourcecode.swift; path = NetworkChecker.swift; sourceTree = "<group>"; };
		566FBF572021CB2600E52830 /* TouristSiteViewModel.swift */ = {isa = PBXFileReference; lastKnownFileType = sourcecode.swift; path = TouristSiteViewModel.swift; sourceTree = "<group>"; };
		566FBF592021CD6900E52830 /* UIColor+Extension.swift */ = {isa = PBXFileReference; lastKnownFileType = sourcecode.swift; path = "UIColor+Extension.swift"; sourceTree = "<group>"; };
		568A5346202044C400268DBE /* Taipei Go.app */ = {isa = PBXFileReference; explicitFileType = wrapper.application; includeInIndex = 0; path = "Taipei Go.app"; sourceTree = BUILT_PRODUCTS_DIR; };
		568A5349202044C400268DBE /* AppDelegate.swift */ = {isa = PBXFileReference; lastKnownFileType = sourcecode.swift; path = AppDelegate.swift; sourceTree = "<group>"; };
		568A534B202044C400268DBE /* MainViewController.swift */ = {isa = PBXFileReference; lastKnownFileType = sourcecode.swift; path = MainViewController.swift; sourceTree = "<group>"; };
		568A534E202044C400268DBE /* Base */ = {isa = PBXFileReference; lastKnownFileType = file.storyboard; name = Base; path = Base.lproj/MainViewController.storyboard; sourceTree = "<group>"; };
		568A5350202044C400268DBE /* Assets.xcassets */ = {isa = PBXFileReference; lastKnownFileType = folder.assetcatalog; path = Assets.xcassets; sourceTree = "<group>"; };
		568A5353202044C400268DBE /* Base */ = {isa = PBXFileReference; lastKnownFileType = file.storyboard; name = Base; path = Base.lproj/LaunchScreen.storyboard; sourceTree = "<group>"; };
		568A535A202044C400268DBE /* Taipei GoTests.xctest */ = {isa = PBXFileReference; explicitFileType = wrapper.cfbundle; includeInIndex = 0; path = "Taipei GoTests.xctest"; sourceTree = BUILT_PRODUCTS_DIR; };
		568A535E202044C400268DBE /* Taipei_GoTests.swift */ = {isa = PBXFileReference; lastKnownFileType = sourcecode.swift; path = Taipei_GoTests.swift; sourceTree = "<group>"; };
		568A5360202044C400268DBE /* Info.plist */ = {isa = PBXFileReference; lastKnownFileType = text.plist.xml; path = Info.plist; sourceTree = "<group>"; };
		568A536B2020539A00268DBE /* Info.plist */ = {isa = PBXFileReference; fileEncoding = 4; lastKnownFileType = text.plist.xml; path = Info.plist; sourceTree = "<group>"; };
		568A536D2020554400268DBE /* DetailViewController.swift */ = {isa = PBXFileReference; lastKnownFileType = sourcecode.swift; path = DetailViewController.swift; sourceTree = "<group>"; };
		568A536F2020555E00268DBE /* DetailViewController.storyboard */ = {isa = PBXFileReference; lastKnownFileType = file.storyboard; path = DetailViewController.storyboard; sourceTree = "<group>"; };
		56ADF6132022C12C009EEA47 /* Notifier.swift */ = {isa = PBXFileReference; lastKnownFileType = sourcecode.swift; path = Notifier.swift; sourceTree = "<group>"; };
		56D6A0A02022EA3500DADE2A /* TableViewHelper.swift */ = {isa = PBXFileReference; lastKnownFileType = sourcecode.swift; path = TableViewHelper.swift; sourceTree = "<group>"; };
		56D6A0A22022EB5200DADE2A /* TouristSiteTableViewCell.swift */ = {isa = PBXFileReference; lastKnownFileType = sourcecode.swift; path = TouristSiteTableViewCell.swift; sourceTree = "<group>"; };
		56D6A0A32022EB5200DADE2A /* TouristSiteTableViewCell.xib */ = {isa = PBXFileReference; lastKnownFileType = file.xib; path = TouristSiteTableViewCell.xib; sourceTree = "<group>"; };
		56F2DFF1202950CD00A15067 /* CollectionViewCell.swift */ = {isa = PBXFileReference; lastKnownFileType = sourcecode.swift; path = CollectionViewCell.swift; sourceTree = "<group>"; };
		56F2DFF2202950CD00A15067 /* CollectionViewCell.xib */ = {isa = PBXFileReference; lastKnownFileType = file.xib; path = CollectionViewCell.xib; sourceTree = "<group>"; };
		56F2DFF720297FFA00A15067 /* CollectionViewHelper.swift */ = {isa = PBXFileReference; lastKnownFileType = sourcecode.swift; path = CollectionViewHelper.swift; sourceTree = "<group>"; };
		56F2DFF92029827F00A15067 /* CollectionViewModel.swift */ = {isa = PBXFileReference; lastKnownFileType = sourcecode.swift; path = CollectionViewModel.swift; sourceTree = "<group>"; };
		5ED8DD7C58A1AD907AF41EDA /* Pods-Taipei Go.release.xcconfig */ = {isa = PBXFileReference; includeInIndex = 1; lastKnownFileType = text.xcconfig; name = "Pods-Taipei Go.release.xcconfig"; path = "Pods/Target Support Files/Pods-Taipei Go/Pods-Taipei Go.release.xcconfig"; sourceTree = "<group>"; };
		A1B9EE0030ACB66ADF6D4CC5 /* Pods-Taipei GoTests.debug.xcconfig */ = {isa = PBXFileReference; includeInIndex = 1; lastKnownFileType = text.xcconfig; name = "Pods-Taipei GoTests.debug.xcconfig"; path = "Pods/Target Support Files/Pods-Taipei GoTests/Pods-Taipei GoTests.debug.xcconfig"; sourceTree = "<group>"; };
		AD45E74595F4DBC9E3EF2628 /* Pods_Taipei_GoTests.framework */ = {isa = PBXFileReference; explicitFileType = wrapper.framework; includeInIndex = 0; path = Pods_Taipei_GoTests.framework; sourceTree = BUILT_PRODUCTS_DIR; };
		D85FEC815283C2BFA10A0958 /* Pods-Taipei Go.debug.xcconfig */ = {isa = PBXFileReference; includeInIndex = 1; lastKnownFileType = text.xcconfig; name = "Pods-Taipei Go.debug.xcconfig"; path = "Pods/Target Support Files/Pods-Taipei Go/Pods-Taipei Go.debug.xcconfig"; sourceTree = "<group>"; };
		E9CE329E85ABEED103816F77 /* Pods-Taipei GoTests.release.xcconfig */ = {isa = PBXFileReference; includeInIndex = 1; lastKnownFileType = text.xcconfig; name = "Pods-Taipei GoTests.release.xcconfig"; path = "Pods/Target Support Files/Pods-Taipei GoTests/Pods-Taipei GoTests.release.xcconfig"; sourceTree = "<group>"; };
		FBCAE93BEAF3003525821F54 /* Pods_Taipei_Go.framework */ = {isa = PBXFileReference; explicitFileType = wrapper.framework; includeInIndex = 0; path = Pods_Taipei_Go.framework; sourceTree = BUILT_PRODUCTS_DIR; };
/* End PBXFileReference section */

/* Begin PBXFrameworksBuildPhase section */
		568A5343202044C400268DBE /* Frameworks */ = {
			isa = PBXFrameworksBuildPhase;
			buildActionMask = 2147483647;
			files = (
				024F2CDDA6EA59E380C88D55 /* Pods_Taipei_Go.framework in Frameworks */,
			);
			runOnlyForDeploymentPostprocessing = 0;
		};
		568A5357202044C400268DBE /* Frameworks */ = {
			isa = PBXFrameworksBuildPhase;
			buildActionMask = 2147483647;
			files = (
				A108A40A59790912CC4D5E5D /* Pods_Taipei_GoTests.framework in Frameworks */,
			);
			runOnlyForDeploymentPostprocessing = 0;
		};
/* End PBXFrameworksBuildPhase section */

/* Begin PBXGroup section */
		350F9ADA4530C2F26DE34322 /* Pods */ = {
			isa = PBXGroup;
			children = (
				D85FEC815283C2BFA10A0958 /* Pods-Taipei Go.debug.xcconfig */,
				5ED8DD7C58A1AD907AF41EDA /* Pods-Taipei Go.release.xcconfig */,
				A1B9EE0030ACB66ADF6D4CC5 /* Pods-Taipei GoTests.debug.xcconfig */,
				E9CE329E85ABEED103816F77 /* Pods-Taipei GoTests.release.xcconfig */,
			);
			name = Pods;
			sourceTree = "<group>";
		};
		5663FEB52021979C004EA8A0 /* Model */ = {
			isa = PBXGroup;
			children = (
				5663FEB6202197AA004EA8A0 /* Network */,
				56ADF6152022C131009EEA47 /* Notifier */,
			);
			path = Model;
			sourceTree = "<group>";
		};
		5663FEB6202197AA004EA8A0 /* Network */ = {
			isa = PBXGroup;
			children = (
				5663FEB320219795004EA8A0 /* DataTaipei.swift */,
				5663FEB92021A072004EA8A0 /* NetworkError.swift */,
				5663FEB720219A5F004EA8A0 /* NetworkService.swift */,
				5663FEBB2021A79B004EA8A0 /* Response.swift */,
			);
			path = Network;
			sourceTree = "<group>";
		};
		5663FEC12021BEA1004EA8A0 /* ViewModels */ = {
			isa = PBXGroup;
			children = (
				566FBF552021C0B000E52830 /* NetworkChecker.swift */,
				566FBF572021CB2600E52830 /* TouristSiteViewModel.swift */,
				56F2DFF92029827F00A15067 /* CollectionViewModel.swift */,
			);
			path = ViewModels;
			sourceTree = "<group>";
		};
		568A533D202044C400268DBE = {
			isa = PBXGroup;
			children = (
				568A5348202044C400268DBE /* Taipei Go */,
				568A535D202044C400268DBE /* Taipei GoTests */,
				568A5347202044C400268DBE /* Products */,
				350F9ADA4530C2F26DE34322 /* Pods */,
				746463A594D3B1892CA324F5 /* Frameworks */,
			);
			sourceTree = "<group>";
		};
		568A5347202044C400268DBE /* Products */ = {
			isa = PBXGroup;
			children = (
				568A5346202044C400268DBE /* Taipei Go.app */,
				568A535A202044C400268DBE /* Taipei GoTests.xctest */,
			);
			name = Products;
			sourceTree = "<group>";
		};
		568A5348202044C400268DBE /* Taipei Go */ = {
			isa = PBXGroup;
			children = (
				568A5349202044C400268DBE /* AppDelegate.swift */,
				566FBF592021CD6900E52830 /* UIColor+Extension.swift */,
				56D6A0A02022EA3500DADE2A /* TableViewHelper.swift */,
				56F2DFF720297FFA00A15067 /* CollectionViewHelper.swift */,
				56D6A0A62022EB5B00DADE2A /* Views */,
				5663FEC12021BEA1004EA8A0 /* ViewModels */,
				5663FEB52021979C004EA8A0 /* Model */,
				568A53692020530F00268DBE /* ViewControllers */,
				568A536A2020532D00268DBE /* Support Files */,
			);
			path = "Taipei Go";
			sourceTree = "<group>";
		};
		568A535D202044C400268DBE /* Taipei GoTests */ = {
			isa = PBXGroup;
			children = (
				568A535E202044C400268DBE /* Taipei_GoTests.swift */,
				568A5360202044C400268DBE /* Info.plist */,
			);
			path = "Taipei GoTests";
			sourceTree = "<group>";
		};
		568A53692020530F00268DBE /* ViewControllers */ = {
			isa = PBXGroup;
			children = (
				568A536F2020555E00268DBE /* DetailViewController.storyboard */,
				568A536D2020554400268DBE /* DetailViewController.swift */,
				568A534D202044C400268DBE /* MainViewController.storyboard */,
				568A534B202044C400268DBE /* MainViewController.swift */,
			);
			path = ViewControllers;
			sourceTree = "<group>";
		};
		568A536A2020532D00268DBE /* Support Files */ = {
			isa = PBXGroup;
			children = (
				568A5352202044C400268DBE /* LaunchScreen.storyboard */,
				568A5350202044C400268DBE /* Assets.xcassets */,
				568A536B2020539A00268DBE /* Info.plist */,
			);
			path = "Support Files";
			sourceTree = "<group>";
		};
		56ADF6152022C131009EEA47 /* Notifier */ = {
			isa = PBXGroup;
			children = (
				56ADF6132022C12C009EEA47 /* Notifier.swift */,
			);
			path = Notifier;
			sourceTree = "<group>";
		};
		56D6A0A62022EB5B00DADE2A /* Views */ = {
			isa = PBXGroup;
			children = (
				56D6A0A22022EB5200DADE2A /* TouristSiteTableViewCell.swift */,
				56D6A0A32022EB5200DADE2A /* TouristSiteTableViewCell.xib */,
				56F2DFF1202950CD00A15067 /* CollectionViewCell.swift */,
				56F2DFF2202950CD00A15067 /* CollectionViewCell.xib */,
			);
			path = Views;
			sourceTree = "<group>";
		};
		746463A594D3B1892CA324F5 /* Frameworks */ = {
			isa = PBXGroup;
			children = (
				FBCAE93BEAF3003525821F54 /* Pods_Taipei_Go.framework */,
				AD45E74595F4DBC9E3EF2628 /* Pods_Taipei_GoTests.framework */,
			);
			name = Frameworks;
			sourceTree = "<group>";
		};
/* End PBXGroup section */

/* Begin PBXNativeTarget section */
		568A5345202044C400268DBE /* Taipei Go */ = {
			isa = PBXNativeTarget;
			buildConfigurationList = 568A5363202044C400268DBE /* Build configuration list for PBXNativeTarget "Taipei Go" */;
			buildPhases = (
				7860AC1FCF4582F2B24FE3FF /* [CP] Check Pods Manifest.lock */,
				568A5342202044C400268DBE /* Sources */,
				568A5343202044C400268DBE /* Frameworks */,
				568A5344202044C400268DBE /* Resources */,
				43BC5BC5B19CEE0B0FD212C5 /* [CP] Embed Pods Frameworks */,
				B6F82CE10993F549C37040F6 /* [CP] Copy Pods Resources */,
			);
			buildRules = (
			);
			dependencies = (
			);
			name = "Taipei Go";
			productName = "Taipei Go";
			productReference = 568A5346202044C400268DBE /* Taipei Go.app */;
			productType = "com.apple.product-type.application";
		};
		568A5359202044C400268DBE /* Taipei GoTests */ = {
			isa = PBXNativeTarget;
			buildConfigurationList = 568A5366202044C400268DBE /* Build configuration list for PBXNativeTarget "Taipei GoTests" */;
			buildPhases = (
				B73BE9065FA10421937BC3FC /* [CP] Check Pods Manifest.lock */,
				568A5356202044C400268DBE /* Sources */,
				568A5357202044C400268DBE /* Frameworks */,
				568A5358202044C400268DBE /* Resources */,
				A0CA37920C7944D15BC27FCD /* [CP] Embed Pods Frameworks */,
				7365CE98BBB38B70A8C23F88 /* [CP] Copy Pods Resources */,
			);
			buildRules = (
			);
			dependencies = (
				568A535C202044C400268DBE /* PBXTargetDependency */,
			);
			name = "Taipei GoTests";
			productName = "Taipei GoTests";
			productReference = 568A535A202044C400268DBE /* Taipei GoTests.xctest */;
			productType = "com.apple.product-type.bundle.unit-test";
		};
/* End PBXNativeTarget section */

/* Begin PBXProject section */
		568A533E202044C400268DBE /* Project object */ = {
			isa = PBXProject;
			attributes = {
				LastSwiftUpdateCheck = 0920;
				LastUpgradeCheck = 0920;
				ORGANIZATIONNAME = Dan;
				TargetAttributes = {
					568A5345202044C400268DBE = {
						CreatedOnToolsVersion = 9.2;
						ProvisioningStyle = Automatic;
					};
					568A5359202044C400268DBE = {
						CreatedOnToolsVersion = 9.2;
						ProvisioningStyle = Automatic;
						TestTargetID = 568A5345202044C400268DBE;
					};
				};
			};
			buildConfigurationList = 568A5341202044C400268DBE /* Build configuration list for PBXProject "Taipei Go" */;
			compatibilityVersion = "Xcode 8.0";
			developmentRegion = en;
			hasScannedForEncodings = 0;
			knownRegions = (
				en,
				Base,
			);
			mainGroup = 568A533D202044C400268DBE;
			productRefGroup = 568A5347202044C400268DBE /* Products */;
			projectDirPath = "";
			projectRoot = "";
			targets = (
				568A5345202044C400268DBE /* Taipei Go */,
				568A5359202044C400268DBE /* Taipei GoTests */,
			);
		};
/* End PBXProject section */

/* Begin PBXResourcesBuildPhase section */
		568A5344202044C400268DBE /* Resources */ = {
			isa = PBXResourcesBuildPhase;
			buildActionMask = 2147483647;
			files = (
				568A536C2020539A00268DBE /* Info.plist in Resources */,
				56F2DFF4202950CD00A15067 /* CollectionViewCell.xib in Resources */,
				568A5354202044C400268DBE /* LaunchScreen.storyboard in Resources */,
				568A53702020555E00268DBE /* DetailViewController.storyboard in Resources */,
				56D6A0A52022EB5200DADE2A /* TouristSiteTableViewCell.xib in Resources */,
				568A5351202044C400268DBE /* Assets.xcassets in Resources */,
				568A534F202044C400268DBE /* MainViewController.storyboard in Resources */,
			);
			runOnlyForDeploymentPostprocessing = 0;
		};
		568A5358202044C400268DBE /* Resources */ = {
			isa = PBXResourcesBuildPhase;
			buildActionMask = 2147483647;
			files = (
			);
			runOnlyForDeploymentPostprocessing = 0;
		};
/* End PBXResourcesBuildPhase section */

/* Begin PBXShellScriptBuildPhase section */
		43BC5BC5B19CEE0B0FD212C5 /* [CP] Embed Pods Frameworks */ = {
			isa = PBXShellScriptBuildPhase;
			buildActionMask = 2147483647;
			files = (
			);
			inputPaths = (
				"${SRCROOT}/Pods/Target Support Files/Pods-Taipei Go/Pods-Taipei Go-frameworks.sh",
				"${BUILT_PRODUCTS_DIR}/Alamofire/Alamofire.framework",
				"${BUILT_PRODUCTS_DIR}/Kingfisher/Kingfisher.framework",
			);
			name = "[CP] Embed Pods Frameworks";
			outputPaths = (
				"${TARGET_BUILD_DIR}/${FRAMEWORKS_FOLDER_PATH}/Alamofire.framework",
				"${TARGET_BUILD_DIR}/${FRAMEWORKS_FOLDER_PATH}/Kingfisher.framework",
			);
			runOnlyForDeploymentPostprocessing = 0;
			shellPath = /bin/sh;
			shellScript = "\"${SRCROOT}/Pods/Target Support Files/Pods-Taipei Go/Pods-Taipei Go-frameworks.sh\"\n";
			showEnvVarsInLog = 0;
		};
		7365CE98BBB38B70A8C23F88 /* [CP] Copy Pods Resources */ = {
			isa = PBXShellScriptBuildPhase;
			buildActionMask = 2147483647;
			files = (
			);
			inputPaths = (
			);
			name = "[CP] Copy Pods Resources";
			outputPaths = (
			);
			runOnlyForDeploymentPostprocessing = 0;
			shellPath = /bin/sh;
			shellScript = "\"${SRCROOT}/Pods/Target Support Files/Pods-Taipei GoTests/Pods-Taipei GoTests-resources.sh\"\n";
			showEnvVarsInLog = 0;
		};
		7860AC1FCF4582F2B24FE3FF /* [CP] Check Pods Manifest.lock */ = {
			isa = PBXShellScriptBuildPhase;
			buildActionMask = 2147483647;
			files = (
			);
			inputPaths = (
				"${PODS_PODFILE_DIR_PATH}/Podfile.lock",
				"${PODS_ROOT}/Manifest.lock",
			);
			name = "[CP] Check Pods Manifest.lock";
			outputPaths = (
				"$(DERIVED_FILE_DIR)/Pods-Taipei Go-checkManifestLockResult.txt",
			);
			runOnlyForDeploymentPostprocessing = 0;
			shellPath = /bin/sh;
			shellScript = "diff \"${PODS_PODFILE_DIR_PATH}/Podfile.lock\" \"${PODS_ROOT}/Manifest.lock\" > /dev/null\nif [ $? != 0 ] ; then\n    # print error to STDERR\n    echo \"error: The sandbox is not in sync with the Podfile.lock. Run 'pod install' or update your CocoaPods installation.\" >&2\n    exit 1\nfi\n# This output is used by Xcode 'outputs' to avoid re-running this script phase.\necho \"SUCCESS\" > \"${SCRIPT_OUTPUT_FILE_0}\"\n";
			showEnvVarsInLog = 0;
		};
		A0CA37920C7944D15BC27FCD /* [CP] Embed Pods Frameworks */ = {
			isa = PBXShellScriptBuildPhase;
			buildActionMask = 2147483647;
			files = (
			);
			inputPaths = (
			);
			name = "[CP] Embed Pods Frameworks";
			outputPaths = (
			);
			runOnlyForDeploymentPostprocessing = 0;
			shellPath = /bin/sh;
			shellScript = "\"${SRCROOT}/Pods/Target Support Files/Pods-Taipei GoTests/Pods-Taipei GoTests-frameworks.sh\"\n";
			showEnvVarsInLog = 0;
		};
		B6F82CE10993F549C37040F6 /* [CP] Copy Pods Resources */ = {
			isa = PBXShellScriptBuildPhase;
			buildActionMask = 2147483647;
			files = (
			);
			inputPaths = (
			);
			name = "[CP] Copy Pods Resources";
			outputPaths = (
			);
			runOnlyForDeploymentPostprocessing = 0;
			shellPath = /bin/sh;
			shellScript = "\"${SRCROOT}/Pods/Target Support Files/Pods-Taipei Go/Pods-Taipei Go-resources.sh\"\n";
			showEnvVarsInLog = 0;
		};
		B73BE9065FA10421937BC3FC /* [CP] Check Pods Manifest.lock */ = {
			isa = PBXShellScriptBuildPhase;
			buildActionMask = 2147483647;
			files = (
			);
			inputPaths = (
				"${PODS_PODFILE_DIR_PATH}/Podfile.lock",
				"${PODS_ROOT}/Manifest.lock",
			);
			name = "[CP] Check Pods Manifest.lock";
			outputPaths = (
				"$(DERIVED_FILE_DIR)/Pods-Taipei GoTests-checkManifestLockResult.txt",
			);
			runOnlyForDeploymentPostprocessing = 0;
			shellPath = /bin/sh;
			shellScript = "diff \"${PODS_PODFILE_DIR_PATH}/Podfile.lock\" \"${PODS_ROOT}/Manifest.lock\" > /dev/null\nif [ $? != 0 ] ; then\n    # print error to STDERR\n    echo \"error: The sandbox is not in sync with the Podfile.lock. Run 'pod install' or update your CocoaPods installation.\" >&2\n    exit 1\nfi\n# This output is used by Xcode 'outputs' to avoid re-running this script phase.\necho \"SUCCESS\" > \"${SCRIPT_OUTPUT_FILE_0}\"\n";
			showEnvVarsInLog = 0;
		};
/* End PBXShellScriptBuildPhase section */

/* Begin PBXSourcesBuildPhase section */
		568A5342202044C400268DBE /* Sources */ = {
			isa = PBXSourcesBuildPhase;
			buildActionMask = 2147483647;
			files = (
				566FBF582021CB2600E52830 /* TouristSiteViewModel.swift in Sources */,
				56ADF6142022C12C009EEA47 /* Notifier.swift in Sources */,
				56F2DFF820297FFA00A15067 /* CollectionViewHelper.swift in Sources */,
				5663FEB820219A5F004EA8A0 /* NetworkService.swift in Sources */,
				566FBF562021C0B000E52830 /* NetworkChecker.swift in Sources */,
				568A536E2020554400268DBE /* DetailViewController.swift in Sources */,
				5663FEB420219795004EA8A0 /* DataTaipei.swift in Sources */,
				56D6A0A42022EB5200DADE2A /* TouristSiteTableViewCell.swift in Sources */,
				5663FEBA2021A072004EA8A0 /* NetworkError.swift in Sources */,
				56D6A0A12022EA3500DADE2A /* TableViewHelper.swift in Sources */,
				568A534C202044C400268DBE /* MainViewController.swift in Sources */,
				56F2DFF3202950CD00A15067 /* CollectionViewCell.swift in Sources */,
				56F2DFFA2029827F00A15067 /* CollectionViewModel.swift in Sources */,
				568A534A202044C400268DBE /* AppDelegate.swift in Sources */,
				5663FEBC2021A79B004EA8A0 /* Response.swift in Sources */,
				566FBF5A2021CD6900E52830 /* UIColor+Extension.swift in Sources */,
			);
			runOnlyForDeploymentPostprocessing = 0;
		};
		568A5356202044C400268DBE /* Sources */ = {
			isa = PBXSourcesBuildPhase;
			buildActionMask = 2147483647;
			files = (
				568A535F202044C400268DBE /* Taipei_GoTests.swift in Sources */,
			);
			runOnlyForDeploymentPostprocessing = 0;
		};
/* End PBXSourcesBuildPhase section */

/* Begin PBXTargetDependency section */
		568A535C202044C400268DBE /* PBXTargetDependency */ = {
			isa = PBXTargetDependency;
			target = 568A5345202044C400268DBE /* Taipei Go */;
			targetProxy = 568A535B202044C400268DBE /* PBXContainerItemProxy */;
		};
/* End PBXTargetDependency section */

/* Begin PBXVariantGroup section */
		568A534D202044C400268DBE /* MainViewController.storyboard */ = {
			isa = PBXVariantGroup;
			children = (
				568A534E202044C400268DBE /* Base */,
			);
			name = MainViewController.storyboard;
			sourceTree = "<group>";
		};
		568A5352202044C400268DBE /* LaunchScreen.storyboard */ = {
			isa = PBXVariantGroup;
			children = (
				568A5353202044C400268DBE /* Base */,
			);
			name = LaunchScreen.storyboard;
			sourceTree = "<group>";
		};
/* End PBXVariantGroup section */

/* Begin XCBuildConfiguration section */
		568A5361202044C400268DBE /* Debug */ = {
			isa = XCBuildConfiguration;
			buildSettings = {
				ALWAYS_SEARCH_USER_PATHS = NO;
				CLANG_ANALYZER_NONNULL = YES;
				CLANG_ANALYZER_NUMBER_OBJECT_CONVERSION = YES_AGGRESSIVE;
				CLANG_CXX_LANGUAGE_STANDARD = "gnu++14";
				CLANG_CXX_LIBRARY = "libc++";
				CLANG_ENABLE_MODULES = YES;
				CLANG_ENABLE_OBJC_ARC = YES;
				CLANG_WARN_BLOCK_CAPTURE_AUTORELEASING = YES;
				CLANG_WARN_BOOL_CONVERSION = YES;
				CLANG_WARN_COMMA = YES;
				CLANG_WARN_CONSTANT_CONVERSION = YES;
				CLANG_WARN_DIRECT_OBJC_ISA_USAGE = YES_ERROR;
				CLANG_WARN_DOCUMENTATION_COMMENTS = YES;
				CLANG_WARN_EMPTY_BODY = YES;
				CLANG_WARN_ENUM_CONVERSION = YES;
				CLANG_WARN_INFINITE_RECURSION = YES;
				CLANG_WARN_INT_CONVERSION = YES;
				CLANG_WARN_NON_LITERAL_NULL_CONVERSION = YES;
				CLANG_WARN_OBJC_LITERAL_CONVERSION = YES;
				CLANG_WARN_OBJC_ROOT_CLASS = YES_ERROR;
				CLANG_WARN_RANGE_LOOP_ANALYSIS = YES;
				CLANG_WARN_STRICT_PROTOTYPES = YES;
				CLANG_WARN_SUSPICIOUS_MOVE = YES;
				CLANG_WARN_UNGUARDED_AVAILABILITY = YES_AGGRESSIVE;
				CLANG_WARN_UNREACHABLE_CODE = YES;
				CLANG_WARN__DUPLICATE_METHOD_MATCH = YES;
				CODE_SIGN_IDENTITY = "iPhone Developer";
				COPY_PHASE_STRIP = NO;
				DEBUG_INFORMATION_FORMAT = dwarf;
				ENABLE_STRICT_OBJC_MSGSEND = YES;
				ENABLE_TESTABILITY = YES;
				GCC_C_LANGUAGE_STANDARD = gnu11;
				GCC_DYNAMIC_NO_PIC = NO;
				GCC_NO_COMMON_BLOCKS = YES;
				GCC_OPTIMIZATION_LEVEL = 0;
				GCC_PREPROCESSOR_DEFINITIONS = (
					"DEBUG=1",
					"$(inherited)",
				);
				GCC_WARN_64_TO_32_BIT_CONVERSION = YES;
				GCC_WARN_ABOUT_RETURN_TYPE = YES_ERROR;
				GCC_WARN_UNDECLARED_SELECTOR = YES;
				GCC_WARN_UNINITIALIZED_AUTOS = YES_AGGRESSIVE;
				GCC_WARN_UNUSED_FUNCTION = YES;
				GCC_WARN_UNUSED_VARIABLE = YES;
				IPHONEOS_DEPLOYMENT_TARGET = 9.0;
				MTL_ENABLE_DEBUG_INFO = YES;
				ONLY_ACTIVE_ARCH = YES;
				SDKROOT = iphoneos;
				SWIFT_ACTIVE_COMPILATION_CONDITIONS = DEBUG;
				SWIFT_OPTIMIZATION_LEVEL = "-Onone";
			};
			name = Debug;
		};
		568A5362202044C400268DBE /* Release */ = {
			isa = XCBuildConfiguration;
			buildSettings = {
				ALWAYS_SEARCH_USER_PATHS = NO;
				CLANG_ANALYZER_NONNULL = YES;
				CLANG_ANALYZER_NUMBER_OBJECT_CONVERSION = YES_AGGRESSIVE;
				CLANG_CXX_LANGUAGE_STANDARD = "gnu++14";
				CLANG_CXX_LIBRARY = "libc++";
				CLANG_ENABLE_MODULES = YES;
				CLANG_ENABLE_OBJC_ARC = YES;
				CLANG_WARN_BLOCK_CAPTURE_AUTORELEASING = YES;
				CLANG_WARN_BOOL_CONVERSION = YES;
				CLANG_WARN_COMMA = YES;
				CLANG_WARN_CONSTANT_CONVERSION = YES;
				CLANG_WARN_DIRECT_OBJC_ISA_USAGE = YES_ERROR;
				CLANG_WARN_DOCUMENTATION_COMMENTS = YES;
				CLANG_WARN_EMPTY_BODY = YES;
				CLANG_WARN_ENUM_CONVERSION = YES;
				CLANG_WARN_INFINITE_RECURSION = YES;
				CLANG_WARN_INT_CONVERSION = YES;
				CLANG_WARN_NON_LITERAL_NULL_CONVERSION = YES;
				CLANG_WARN_OBJC_LITERAL_CONVERSION = YES;
				CLANG_WARN_OBJC_ROOT_CLASS = YES_ERROR;
				CLANG_WARN_RANGE_LOOP_ANALYSIS = YES;
				CLANG_WARN_STRICT_PROTOTYPES = YES;
				CLANG_WARN_SUSPICIOUS_MOVE = YES;
				CLANG_WARN_UNGUARDED_AVAILABILITY = YES_AGGRESSIVE;
				CLANG_WARN_UNREACHABLE_CODE = YES;
				CLANG_WARN__DUPLICATE_METHOD_MATCH = YES;
				CODE_SIGN_IDENTITY = "iPhone Developer";
				COPY_PHASE_STRIP = NO;
				DEBUG_INFORMATION_FORMAT = "dwarf-with-dsym";
				ENABLE_NS_ASSERTIONS = NO;
				ENABLE_STRICT_OBJC_MSGSEND = YES;
				GCC_C_LANGUAGE_STANDARD = gnu11;
				GCC_NO_COMMON_BLOCKS = YES;
				GCC_WARN_64_TO_32_BIT_CONVERSION = YES;
				GCC_WARN_ABOUT_RETURN_TYPE = YES_ERROR;
				GCC_WARN_UNDECLARED_SELECTOR = YES;
				GCC_WARN_UNINITIALIZED_AUTOS = YES_AGGRESSIVE;
				GCC_WARN_UNUSED_FUNCTION = YES;
				GCC_WARN_UNUSED_VARIABLE = YES;
				IPHONEOS_DEPLOYMENT_TARGET = 9.0;
				MTL_ENABLE_DEBUG_INFO = NO;
				SDKROOT = iphoneos;
				SWIFT_OPTIMIZATION_LEVEL = "-Owholemodule";
				VALIDATE_PRODUCT = YES;
			};
			name = Release;
		};
		568A5364202044C400268DBE /* Debug */ = {
			isa = XCBuildConfiguration;
			baseConfigurationReference = D85FEC815283C2BFA10A0958 /* Pods-Taipei Go.debug.xcconfig */;
			buildSettings = {
				ASSETCATALOG_COMPILER_APPICON_NAME = AppIcon;
				CODE_SIGN_STYLE = Automatic;
				DEVELOPMENT_TEAM = A2BW4UK926;
				INFOPLIST_FILE = "$(SRCROOT)/Taipei Go/Support Files/Info.plist";
				LD_RUNPATH_SEARCH_PATHS = "$(inherited) @executable_path/Frameworks";
				PRODUCT_BUNDLE_IDENTIFIER = "TeChengHung.Taipei-Go";
				PRODUCT_NAME = "$(TARGET_NAME)";
				SWIFT_VERSION = 4.0;
				TARGETED_DEVICE_FAMILY = "1,2";
			};
			name = Debug;
		};
		568A5365202044C400268DBE /* Release */ = {
			isa = XCBuildConfiguration;
			baseConfigurationReference = 5ED8DD7C58A1AD907AF41EDA /* Pods-Taipei Go.release.xcconfig */;
			buildSettings = {
				ASSETCATALOG_COMPILER_APPICON_NAME = AppIcon;
				CODE_SIGN_STYLE = Automatic;
				DEVELOPMENT_TEAM = A2BW4UK926;
				INFOPLIST_FILE = "$(SRCROOT)/Taipei Go/Support Files/Info.plist";
				LD_RUNPATH_SEARCH_PATHS = "$(inherited) @executable_path/Frameworks";
				PRODUCT_BUNDLE_IDENTIFIER = "TeChengHung.Taipei-Go";
				PRODUCT_NAME = "$(TARGET_NAME)";
				SWIFT_VERSION = 4.0;
				TARGETED_DEVICE_FAMILY = "1,2";
			};
			name = Release;
		};
		568A5367202044C400268DBE /* Debug */ = {
			isa = XCBuildConfiguration;
			baseConfigurationReference = A1B9EE0030ACB66ADF6D4CC5 /* Pods-Taipei GoTests.debug.xcconfig */;
			buildSettings = {
				ALWAYS_EMBED_SWIFT_STANDARD_LIBRARIES = YES;
				BUNDLE_LOADER = "$(TEST_HOST)";
				CODE_SIGN_STYLE = Automatic;
				DEVELOPMENT_TEAM = A2BW4UK926;
				INFOPLIST_FILE = "Taipei GoTests/Info.plist";
				LD_RUNPATH_SEARCH_PATHS = "$(inherited) @executable_path/Frameworks @loader_path/Frameworks";
				PRODUCT_BUNDLE_IDENTIFIER = "TeChengHung.Taipei-GoTests";
				PRODUCT_NAME = "$(TARGET_NAME)";
				SWIFT_VERSION = 4.0;
				TARGETED_DEVICE_FAMILY = "1,2";
				TEST_HOST = "$(BUILT_PRODUCTS_DIR)/Taipei Go.app/Taipei Go";
			};
			name = Debug;
		};
		568A5368202044C400268DBE /* Release */ = {
			isa = XCBuildConfiguration;
			baseConfigurationReference = E9CE329E85ABEED103816F77 /* Pods-Taipei GoTests.release.xcconfig */;
			buildSettings = {
				ALWAYS_EMBED_SWIFT_STANDARD_LIBRARIES = YES;
				BUNDLE_LOADER = "$(TEST_HOST)";
				CODE_SIGN_STYLE = Automatic;
				DEVELOPMENT_TEAM = A2BW4UK926;
				INFOPLIST_FILE = "Taipei GoTests/Info.plist";
				LD_RUNPATH_SEARCH_PATHS = "$(inherited) @executable_path/Frameworks @loader_path/Frameworks";
				PRODUCT_BUNDLE_IDENTIFIER = "TeChengHung.Taipei-GoTests";
				PRODUCT_NAME = "$(TARGET_NAME)";
				SWIFT_VERSION = 4.0;
				TARGETED_DEVICE_FAMILY = "1,2";
				TEST_HOST = "$(BUILT_PRODUCTS_DIR)/Taipei Go.app/Taipei Go";
			};
			name = Release;
		};
/* End XCBuildConfiguration section */

/* Begin XCConfigurationList section */
		568A5341202044C400268DBE /* Build configuration list for PBXProject "Taipei Go" */ = {
			isa = XCConfigurationList;
			buildConfigurations = (
				568A5361202044C400268DBE /* Debug */,
				568A5362202044C400268DBE /* Release */,
			);
			defaultConfigurationIsVisible = 0;
			defaultConfigurationName = Release;
		};
		568A5363202044C400268DBE /* Build configuration list for PBXNativeTarget "Taipei Go" */ = {
			isa = XCConfigurationList;
			buildConfigurations = (
				568A5364202044C400268DBE /* Debug */,
				568A5365202044C400268DBE /* Release */,
			);
			defaultConfigurationIsVisible = 0;
			defaultConfigurationName = Release;
		};
		568A5366202044C400268DBE /* Build configuration list for PBXNativeTarget "Taipei GoTests" */ = {
			isa = XCConfigurationList;
			buildConfigurations = (
				568A5367202044C400268DBE /* Debug */,
				568A5368202044C400268DBE /* Release */,
			);
			defaultConfigurationIsVisible = 0;
			defaultConfigurationName = Release;
		};
/* End XCConfigurationList section */
	};
	rootObject = 568A533E202044C400268DBE /* Project object */;
}
